[ "amnesia": {:git, "git://github.com/meh/amnesia.git", "ad9ddc306d250261f5159f1659edba0fd0d99598", []},
  "continuum": {:git, "git://github.com/meh/continuum.git", "500b01cac32ff8bb3e348a284b01507d198e28e8", []},
  "cowboy": {:git, "git://github.com/extend/cowboy.git", "b09f3a570d702be7a55c36e5f5b4b63b26198637", []},
  "cowlib": {:git, "git://github.com/extend/cowlib.git", "63298e8e160031a70efff86a1acde7e7db1fcda6", [ref: "0.4.0"]},
  "datastructures": {:git, "git://github.com/meh/elixir-datastructures.git", "28a7aee9addfe521ad0aa62f5e54f1ad597356cc", []},
  "dynamo": {:git, "git://github.com/elixir-lang/dynamo.git", "7c02f3461b45a89056a357d3fbb7bfc0c97c0ffc", []},
  "ex_doc": {:git, "git://github.com/elixir-lang/ex_doc.git", "1419e7adc1c289cd75587d9f435c412c70c297d9", []},
  "exquisite": {:git, "git://github.com/meh/exquisite.git", "beff7f389dd4016bffa0ec50b44d80efdd9070b1", []},
  "hackney": {:git, "git://github.com/benoitc/hackney.git", "7f2a0b5996313d930277786e7ff5d538e9346547", [tag: "0.10.1"]},
  "hackney_lib": {:git, "https://github.com/benoitc/hackney_lib.git", "eecdb481f1d38bfb194896bffdf9bdcdd967ae96", [tag: "0.2.2"]},
  "mime": {:git, "git://github.com/dynamo/mime.git", "7e56a3dd5692afcd39c9797ae2898c5841967098", []},
  "mimetypes": {:git, "git://github.com/spawngrid/mimetypes.git", "47d37a977a7d633199822bf6b08353007483d00f", [ref: "master"]},
  "ranch": {:git, "git://github.com/extend/ranch.git", "5df1f222f94e08abdcab7084f5e13027143cc222", [ref: "0.9.0"]} ]
